# This file is automatically @generated by Cargo.
# It is not intended for manual editing.
version = 3

[[package]]
name = "advent_of_code_2023"
version = "0.1.0"
dependencies = [
 "day_1",
 "day_2",
 "day_3",
 "day_4",
 "day_5",
 "day_6",
 "file_parser",
]

[[package]]
name = "day_1"
version = "0.1.0"

[[package]]
name = "day_2"
version = "0.1.0"

[[package]]
name = "day_3"
version = "0.1.0"

[[package]]
name = "day_4"
version = "0.1.0"

[[package]]
name = "day_5"
version = "0.1.0"
dependencies = [
 "file_parser",
]

[[package]]
name = "day_6"
version = "0.1.0"
dependencies = [
 "file_parser",
]

[[package]]
name = "file_parser"
version = "0.1.0"
